{
  "requires": true,
  "lockfileVersion": 1,
  "dependencies": {
    "@better-scroll/core": {
      "version": "2.2.0",
      "resolved": "https://registry.npmjs.org/@better-scroll/core/-/core-2.2.0.tgz",
      "integrity": "sha512-m99bI7AmU/pVV0DNGHt1FOHaarHtbn11NF114SKPnrF/lQf4cLIlNobTHa2BvXBF90tyzL/s9GBt0/RTK+2zZg==",
      "requires": {
        "@better-scroll/shared-utils": "^2.2.0"
      }
    },
    "@better-scroll/indicators": {
      "version": "2.2.0",
      "resolved": "https://registry.npmjs.org/@better-scroll/indicators/-/indicators-2.2.0.tgz",
      "integrity": "sha512-Nevb8ixkcYbkTFIKExqHhU0s++2KuOK9eHJ16QKD6f2//4C/qidc4qPYK9kR7uSRK+4q2HTHKMwzrcCk8TtWNg==",
      "requires": {
        "@better-scroll/core": "^2.2.0"
      }
    },
    "@better-scroll/infinity": {
      "version": "2.2.0",
      "resolved": "https://registry.npmjs.org/@better-scroll/infinity/-/infinity-2.2.0.tgz",
      "integrity": "sha512-vRsSx1224xnOch1H1HZ0nH6xc4nP70dcFJHGMhYaxWpFbGXEJIdvwMHVdtCeUEl6BI6OrTtxJ9tDT9DE1H7JSQ==",
      "requires": {
        "@better-scroll/core": "^2.2.0"
      }
    },
    "@better-scroll/mouse-wheel": {
      "version": "2.2.0",
      "resolved": "https://registry.npmjs.org/@better-scroll/mouse-wheel/-/mouse-wheel-2.2.0.tgz",
      "integrity": "sha512-GO6sQpgZNOKxGqrOb9nPgW3E2a4+4RDcswhMc4+xIXN3ZLUq2gQc/nq/9XUy7icPl6sz7Eaf2qI8aNk8kIzBrg==",
      "requires": {
        "@better-scroll/core": "^2.2.0"
      }
    },
    "@better-scroll/movable": {
      "version": "2.2.0",
      "resolved": "https://registry.npmjs.org/@better-scroll/movable/-/movable-2.2.0.tgz",
      "integrity": "sha512-QhSZPmpdDpW4BqFOemZbToiuoNDKRoAuvkYo8DLkdjanby2jrsNkWsjaQHIS6wvsDvzVekaDJ19EuBcAIDCWkQ==",
      "requires": {
        "@better-scroll/core": "^2.2.0"
      }
    },
    "@better-scroll/nested-scroll": {
      "version": "2.2.0",
      "resolved": "https://registry.npmjs.org/@better-scroll/nested-scroll/-/nested-scroll-2.2.0.tgz",
      "integrity": "sha512-2cjQM+iZ+5UwQRIFRaVyyQcDTDHmTrFnJHkkg5ZPKiGBn8fF6y5GA0qXRFlAL0rGD7DfsWgxaOMPES+JtrjKmA==",
      "requires": {
        "@better-scroll/core": "^2.2.0"
      }
    },
    "@better-scroll/observe-dom": {
      "version": "2.2.0",
      "resolved": "https://registry.npmjs.org/@better-scroll/observe-dom/-/observe-dom-2.2.0.tgz",
      "integrity": "sha512-jsn4honjnv21MlwyKWMHL06NsKcMK2cdNpaWmhMnuB8tzSAtkWAt8isKYmmpVNCrQGZMT/pT8d7fDxe3Km+4tg==",
      "requires": {
        "@better-scroll/core": "^2.2.0"
      }
    },
    "@better-scroll/observe-image": {
      "version": "2.2.0",
      "resolved": "https://registry.npmjs.org/@better-scroll/observe-image/-/observe-image-2.2.0.tgz",
      "integrity": "sha512-sbsSPqMP8jQbKPwawxJFhzvhv9S9KYnhDiHEzeK5d0UMsKOGu3wCjAKwvrrR8oiKz/KWm9d8FbTLv0slBGcuNg==",
      "requires": {
        "@better-scroll/core": "^2.2.0"
      }
    },
    "@better-scroll/pull-down": {
      "version": "2.2.0",
      "resolved": "https://registry.npmjs.org/@better-scroll/pull-down/-/pull-down-2.2.0.tgz",
      "integrity": "sha512-ssotK6zw+OccPzNAtsm/uCONwPhfXsL2cd8RaAmwn+zh/wGHaZSwRS7fyIkrTQn69TlY/0wfGwahZQ81SPgEKw==",
      "requires": {
        "@better-scroll/core": "^2.2.0"
      }
    },
    "@better-scroll/pull-up": {
      "version": "2.2.0",
      "resolved": "https://registry.npmjs.org/@better-scroll/pull-up/-/pull-up-2.2.0.tgz",
      "integrity": "sha512-2zxeXZ6OP97i047LDCcniR+t3cOWUGqakdzYxznrCY9OggT8yG2Glx5JdOWAPkDHniMI7UdYUI7yJqLZ5okrXQ==",
      "requires": {
        "@better-scroll/core": "^2.2.0"
      }
    },
    "@better-scroll/scroll-bar": {
      "version": "2.2.0",
      "resolved": "https://registry.npmjs.org/@better-scroll/scroll-bar/-/scroll-bar-2.2.0.tgz",
      "integrity": "sha512-wY0ZUQ5cTuB7gGNwqi+9CoTfgsaUt7Wvi6chiEdI9zMvRSxD9ziFmTFicEJbAgWZYpRK8p1YO2bl+5VT5gW09g==",
      "requires": {
        "@better-scroll/core": "^2.2.0"
      }
    },
    "@better-scroll/shared-utils": {
      "version": "2.2.0",
      "resolved": "https://registry.npmjs.org/@better-scroll/shared-utils/-/shared-utils-2.2.0.tgz",
      "integrity": "sha512-7K6bmLZkjDNPCzlpDi25sxtp/JrbTztAbWUd7KFK2Bm6cm8vmaCfz87+GYc9zT2LcmuTsQvu4BKD/Egv0xP6iA=="
    },
    "@better-scroll/slide": {
      "version": "2.2.0",
      "resolved": "https://registry.npmjs.org/@better-scroll/slide/-/slide-2.2.0.tgz",
      "integrity": "sha512-aslzlwUaJxxmjxJ/dbyIo6mYrcljvI0yYYQHWwIbza7wm1IWJEO6wQySdUp/wp86B0zaeypyOvfOmIkHAqFMag==",
      "requires": {
        "@better-scroll/core": "^2.2.0"
      }
    },
    "@better-scroll/wheel": {
      "version": "2.2.0",
      "resolved": "https://registry.npmjs.org/@better-scroll/wheel/-/wheel-2.2.0.tgz",
      "integrity": "sha512-KsC6bDkw7LxppbBpOTq3ktHaT9uUhLAaneA0tW3rP9CMkbNp834Aukmju+rDxNGTcZ1FwSeJBOfRjIjtPanTXQ==",
      "requires": {
        "@better-scroll/core": "^2.2.0"
      }
    },
    "@better-scroll/zoom": {
      "version": "2.2.0",
      "resolved": "https://registry.npmjs.org/@better-scroll/zoom/-/zoom-2.2.0.tgz",
      "integrity": "sha512-nixmOP8SwO1jA7J3h2xQMfub/yYiuRBZ7giMKeXHRmTPZq807JAGNR1/iVstuF/IBzLD6W60oYXc7uNEllmuiA==",
      "requires": {
        "@better-scroll/core": "^2.2.0"
      }
    },
    "better-scroll": {
      "version": "2.2.0",
      "resolved": "https://registry.npmjs.org/better-scroll/-/better-scroll-2.2.0.tgz",
      "integrity": "sha512-NtGU05ShOdUjc4cmrJzHcczilFaQPDatX2mUUbdaL56dJDGgePWKhaBmdHcOf8Dn5RsTZ1sutRl4gFJjcGWVXA==",
      "requires": {
        "@better-scroll/core": "^2.2.0",
        "@better-scroll/indicators": "^2.1.4",
        "@better-scroll/infinity": "^2.2.0",
        "@better-scroll/mouse-wheel": "^2.2.0",
        "@better-scroll/movable": "^2.2.0",
        "@better-scroll/nested-scroll": "^2.2.0",
        "@better-scroll/observe-dom": "^2.2.0",
        "@better-scroll/observe-image": "^2.2.0",
        "@better-scroll/pull-down": "^2.2.0",
        "@better-scroll/pull-up": "^2.2.0",
        "@better-scroll/scroll-bar": "^2.2.0",
        "@better-scroll/slide": "^2.2.0",
        "@better-scroll/wheel": "^2.2.0",
        "@better-scroll/zoom": "^2.2.0"
      }
    }
  }
}
